// !$*UTF8*$!
{
	archiveVersion = 1;
	classes = {
	};
	objectVersion = 46;
	objects = {

/* Begin PBXBuildFile section */
		D21AAF4417D90C8300C27FDA /* CoreData.framework in Frameworks */ = {isa = PBXBuildFile; fileRef = D21AAF4317D90C8300C27FDA /* CoreData.framework */; };
		D21AAF4E17D93BDE00C27FDA /* FPPCKeyboard.m in Sources */ = {isa = PBXBuildFile; fileRef = D21AAF4D17D9386A00C27FDA /* FPPCKeyboard.m */; };
		D2280E7517F25B5600FEE521 /* Images.xcassets in Resources */ = {isa = PBXBuildFile; fileRef = D2280E7417F25B5600FEE521 /* Images.xcassets */; };
		D2280E7E17F26E9200FEE521 /* MainStoryboard_iPad.storyboard in Resources */ = {isa = PBXBuildFile; fileRef = D2280E7A17F26E9200FEE521 /* MainStoryboard_iPad.storyboard */; };
		D2280E7F17F26E9200FEE521 /* MainStoryboard_iPhone.storyboard in Resources */ = {isa = PBXBuildFile; fileRef = D2280E7C17F26E9200FEE521 /* MainStoryboard_iPhone.storyboard */; };
		D240C20717FD30C800E2647F /* FPPCGift.m in Sources */ = {isa = PBXBuildFile; fileRef = D240C20617FD30C800E2647F /* FPPCGift.m */; };
		D240C20A17FD30C900E2647F /* FPPCSource.m in Sources */ = {isa = PBXBuildFile; fileRef = D240C20917FD30C900E2647F /* FPPCSource.m */; };
		D240C20D17FD30C900E2647F /* FPPCAmount.m in Sources */ = {isa = PBXBuildFile; fileRef = D240C20C17FD30C900E2647F /* FPPCAmount.m */; };
		D24E46E117D6B11000AC886B /* UIKit.framework in Frameworks */ = {isa = PBXBuildFile; fileRef = D24E46E017D6B11000AC886B /* UIKit.framework */; };
		D24E46E317D6B11000AC886B /* Foundation.framework in Frameworks */ = {isa = PBXBuildFile; fileRef = D24E46E217D6B11000AC886B /* Foundation.framework */; };
		D24E46E517D6B11000AC886B /* CoreGraphics.framework in Frameworks */ = {isa = PBXBuildFile; fileRef = D24E46E417D6B11000AC886B /* CoreGraphics.framework */; };
		D24E46EB17D6B11000AC886B /* InfoPlist.strings in Resources */ = {isa = PBXBuildFile; fileRef = D24E46E917D6B11000AC886B /* InfoPlist.strings */; };
		D24E46ED17D6B11000AC886B /* main.m in Sources */ = {isa = PBXBuildFile; fileRef = D24E46EC17D6B11000AC886B /* main.m */; };
		D24E46F117D6B11000AC886B /* FPPCAppDelegate.m in Sources */ = {isa = PBXBuildFile; fileRef = D24E46F017D6B11000AC886B /* FPPCAppDelegate.m */; };
		D24E470017D6B11100AC886B /* FPPCDashboardViewController.m in Sources */ = {isa = PBXBuildFile; fileRef = D24E46FF17D6B11100AC886B /* FPPCDashboardViewController.m */; };
		D24E470817D6BA0C00AC886B /* FPPCSourceFormViewController.m in Sources */ = {isa = PBXBuildFile; fileRef = D24E470717D6BA0C00AC886B /* FPPCSourceFormViewController.m */; };
		D24E470B17D6BA2C00AC886B /* FPPCSourceViewController.m in Sources */ = {isa = PBXBuildFile; fileRef = D24E470A17D6BA2C00AC886B /* FPPCSourceViewController.m */; };
		D24E470E17D6BA6100AC886B /* FPPCGiftFormViewController.m in Sources */ = {isa = PBXBuildFile; fileRef = D24E470D17D6BA6100AC886B /* FPPCGiftFormViewController.m */; };
		D24E471517D7B88F00AC886B /* FPPCSearchViewController.m in Sources */ = {isa = PBXBuildFile; fileRef = D24E471317D7B88F00AC886B /* FPPCSearchViewController.m */; };
		D24E471917D7EF8500AC886B /* FPPCSourceSearchViewController.m in Sources */ = {isa = PBXBuildFile; fileRef = D24E471817D7EF8500AC886B /* FPPCSourceSearchViewController.m */; };
		D24E471C17D7EFA900AC886B /* FPPCGiftSearchViewController.m in Sources */ = {isa = PBXBuildFile; fileRef = D24E471B17D7EFA900AC886B /* FPPCGiftSearchViewController.m */; };
		D24E472417D812E700AC886B /* FPPCViewController.m in Sources */ = {isa = PBXBuildFile; fileRef = D24E472317D812E700AC886B /* FPPCViewController.m */; };
		D2C22B7117EA681B009C8556 /* FPPCModel.xcdatamodeld in Sources */ = {isa = PBXBuildFile; fileRef = D2C22B6F17EA681B009C8556 /* FPPCModel.xcdatamodeld */; };
		D2C22B7817F091BB009C8556 /* libDHxls.a in Frameworks */ = {isa = PBXBuildFile; fileRef = D2C22B7717F0918D009C8556 /* libDHxls.a */; };
		D2C22B7B17F0937A009C8556 /* libTestFlight.a in Frameworks */ = {isa = PBXBuildFile; fileRef = D2CAB76017E4C32B00D69104 /* libTestFlight.a */; };
		D2C9219A17E57036002FC3DC /* FPPCGiftsViewController.m in Sources */ = {isa = PBXBuildFile; fileRef = D2C9219917E57036002FC3DC /* FPPCGiftsViewController.m */; };
		D2C9219E17E570B1002FC3DC /* FPPCSourcesViewController.m in Sources */ = {isa = PBXBuildFile; fileRef = D2C9219D17E570B1002FC3DC /* FPPCSourcesViewController.m */; };
		D2CAAE9617E0C44E00EF2FF5 /* FPPCGiftFormCell.xib in Resources */ = {isa = PBXBuildFile; fileRef = D2CAAE9517E0C44E00EF2FF5 /* FPPCGiftFormCell.xib */; };
		D2CAAE9917E0C49900EF2FF5 /* FPPCGiftFormCell.m in Sources */ = {isa = PBXBuildFile; fileRef = D2CAAE9817E0C49900EF2FF5 /* FPPCGiftFormCell.m */; };
		D2CAAEB117E2C21300EF2FF5 /* UIColor+FPPC.m in Sources */ = {isa = PBXBuildFile; fileRef = D2CAAEB017E2C21300EF2FF5 /* UIColor+FPPC.m */; };
		D2CAAEBF17E34E9700EF2FF5 /* DCRoundSwitch.m in Sources */ = {isa = PBXBuildFile; fileRef = D2CAAEB817E34E4800EF2FF5 /* DCRoundSwitch.m */; settings = {COMPILER_FLAGS = "-fno-objc-arc"; }; };
		D2CAAEC017E34E9D00EF2FF5 /* DCRoundSwitchKnobLayer.m in Sources */ = {isa = PBXBuildFile; fileRef = D2CAAEBA17E34E4900EF2FF5 /* DCRoundSwitchKnobLayer.m */; settings = {COMPILER_FLAGS = "-fno-objc-arc"; }; };
		D2CAAEC117E34E9D00EF2FF5 /* DCRoundSwitchOutlineLayer.m in Sources */ = {isa = PBXBuildFile; fileRef = D2CAAEBC17E34E4900EF2FF5 /* DCRoundSwitchOutlineLayer.m */; settings = {COMPILER_FLAGS = "-fno-objc-arc"; }; };
		D2CAAEC217E34E9D00EF2FF5 /* DCRoundSwitchToggleLayer.m in Sources */ = {isa = PBXBuildFile; fileRef = D2CAAEBE17E34E4900EF2FF5 /* DCRoundSwitchToggleLayer.m */; settings = {COMPILER_FLAGS = "-fno-objc-arc"; }; };
		D2CAAEC717E350A600EF2FF5 /* QuartzCore.framework in Frameworks */ = {isa = PBXBuildFile; fileRef = D2CAAEC617E350A600EF2FF5 /* QuartzCore.framework */; };
		D2CAB76717E4C32C00D69104 /* README.md in Resources */ = {isa = PBXBuildFile; fileRef = D2CAB76117E4C32B00D69104 /* README.md */; };
		D2CAB76817E4C32C00D69104 /* release_notes.md in Resources */ = {isa = PBXBuildFile; fileRef = D2CAB76217E4C32B00D69104 /* release_notes.md */; };
		D2CAB76A17E4C34C00D69104 /* libz.dylib in Frameworks */ = {isa = PBXBuildFile; fileRef = D2CAB76917E4C34B00D69104 /* libz.dylib */; };
		D2CD555617DAF45B003BBE30 /* FPPCSourceCell.m in Sources */ = {isa = PBXBuildFile; fileRef = D2CD555517DAF45B003BBE30 /* FPPCSourceCell.m */; };
		D2CD555A17DAF469003BBE30 /* FPPCGiftCell.m in Sources */ = {isa = PBXBuildFile; fileRef = D2CD555917DAF469003BBE30 /* FPPCGiftCell.m */; };
		D2CD55A317DCD22B003BBE30 /* FPPCSourceCell.xib in Resources */ = {isa = PBXBuildFile; fileRef = D2CD55A217DCD22B003BBE30 /* FPPCSourceCell.xib */; };
		D2CD55A517DCD23C003BBE30 /* FPPCGiftCell.xib in Resources */ = {isa = PBXBuildFile; fileRef = D2CD55A417DCD23C003BBE30 /* FPPCGiftCell.xib */; };
		D2CD55AA17DF6A21003BBE30 /* FPPCActionSheet.m in Sources */ = {isa = PBXBuildFile; fileRef = D2CD55A917DF6A20003BBE30 /* FPPCActionSheet.m */; };
		D2D77F9717D8D15100C88F06 /* MessageUI.framework in Frameworks */ = {isa = PBXBuildFile; fileRef = D2D77F9617D8D15100C88F06 /* MessageUI.framework */; };
		D2EBA0C917D84676005B8C94 /* libc++.dylib in Frameworks */ = {isa = PBXBuildFile; fileRef = D2EBA0C817D84676005B8C94 /* libc++.dylib */; };
/* End PBXBuildFile section */

/* Begin PBXContainerItemProxy section */
		D2C22B7617F0918D009C8556 /* PBXContainerItemProxy */ = {
			isa = PBXContainerItemProxy;
			containerPortal = D2C22B7217F0918C009C8556 /* DHxlsIOS.xcodeproj */;
			proxyType = 2;
			remoteGlobalIDString = DEF79A2216E80B5200E4B803;
			remoteInfo = DHxls;
		};
		D2C22B7917F09318009C8556 /* PBXContainerItemProxy */ = {
			isa = PBXContainerItemProxy;
			containerPortal = D2C22B7217F0918C009C8556 /* DHxlsIOS.xcodeproj */;
			proxyType = 1;
			remoteGlobalIDString = DEF79A2116E80B5200E4B803;
			remoteInfo = DHxls;
		};
/* End PBXContainerItemProxy section */

/* Begin PBXFileReference section */
		D217DE2F17F48C13006970B3 /* GiftTracker.entitlements */ = {isa = PBXFileReference; lastKnownFileType = text.xml; path = GiftTracker.entitlements; sourceTree = "<group>"; };
		D21AAF4317D90C8300C27FDA /* CoreData.framework */ = {isa = PBXFileReference; lastKnownFileType = wrapper.framework; name = CoreData.framework; path = System/Library/Frameworks/CoreData.framework; sourceTree = SDKROOT; };
		D21AAF4C17D9386A00C27FDA /* FPPCKeyboard.h */ = {isa = PBXFileReference; lastKnownFileType = sourcecode.c.h; path = FPPCKeyboard.h; sourceTree = "<group>"; };
		D21AAF4D17D9386A00C27FDA /* FPPCKeyboard.m */ = {isa = PBXFileReference; lastKnownFileType = sourcecode.c.objc; path = FPPCKeyboard.m; sourceTree = "<group>"; };
		D2280E7417F25B5600FEE521 /* Images.xcassets */ = {isa = PBXFileReference; lastKnownFileType = folder.assetcatalog; path = Images.xcassets; sourceTree = "<group>"; };
		D2280E7B17F26E9200FEE521 /* en */ = {isa = PBXFileReference; lastKnownFileType = file.storyboard; name = en; path = en.lproj/MainStoryboard_iPad.storyboard; sourceTree = "<group>"; };
		D2280E7D17F26E9200FEE521 /* en */ = {isa = PBXFileReference; lastKnownFileType = file.storyboard; name = en; path = en.lproj/MainStoryboard_iPhone.storyboard; sourceTree = "<group>"; };
		D240C20517FD30C800E2647F /* FPPCGift.h */ = {isa = PBXFileReference; fileEncoding = 4; lastKnownFileType = sourcecode.c.h; path = FPPCGift.h; sourceTree = "<group>"; };
		D240C20617FD30C800E2647F /* FPPCGift.m */ = {isa = PBXFileReference; fileEncoding = 4; lastKnownFileType = sourcecode.c.objc; path = FPPCGift.m; sourceTree = "<group>"; };
		D240C20817FD30C900E2647F /* FPPCSource.h */ = {isa = PBXFileReference; fileEncoding = 4; lastKnownFileType = sourcecode.c.h; path = FPPCSource.h; sourceTree = "<group>"; };
		D240C20917FD30C900E2647F /* FPPCSource.m */ = {isa = PBXFileReference; fileEncoding = 4; lastKnownFileType = sourcecode.c.objc; path = FPPCSource.m; sourceTree = "<group>"; };
		D240C20B17FD30C900E2647F /* FPPCAmount.h */ = {isa = PBXFileReference; fileEncoding = 4; lastKnownFileType = sourcecode.c.h; path = FPPCAmount.h; sourceTree = "<group>"; };
		D240C20C17FD30C900E2647F /* FPPCAmount.m */ = {isa = PBXFileReference; fileEncoding = 4; lastKnownFileType = sourcecode.c.objc; path = FPPCAmount.m; sourceTree = "<group>"; };
		D24E46DD17D6B11000AC886B /* GiftTracker.app */ = {isa = PBXFileReference; explicitFileType = wrapper.application; includeInIndex = 0; path = GiftTracker.app; sourceTree = BUILT_PRODUCTS_DIR; };
		D24E46E017D6B11000AC886B /* UIKit.framework */ = {isa = PBXFileReference; lastKnownFileType = wrapper.framework; name = UIKit.framework; path = System/Library/Frameworks/UIKit.framework; sourceTree = SDKROOT; };
		D24E46E217D6B11000AC886B /* Foundation.framework */ = {isa = PBXFileReference; lastKnownFileType = wrapper.framework; name = Foundation.framework; path = System/Library/Frameworks/Foundation.framework; sourceTree = SDKROOT; };
		D24E46E417D6B11000AC886B /* CoreGraphics.framework */ = {isa = PBXFileReference; lastKnownFileType = wrapper.framework; name = CoreGraphics.framework; path = System/Library/Frameworks/CoreGraphics.framework; sourceTree = SDKROOT; };
		D24E46E817D6B11000AC886B /* GiftTracker-Info.plist */ = {isa = PBXFileReference; lastKnownFileType = text.plist.xml; path = "GiftTracker-Info.plist"; sourceTree = "<group>"; };
		D24E46EA17D6B11000AC886B /* en */ = {isa = PBXFileReference; lastKnownFileType = text.plist.strings; name = en; path = en.lproj/InfoPlist.strings; sourceTree = "<group>"; };
		D24E46EC17D6B11000AC886B /* main.m */ = {isa = PBXFileReference; lastKnownFileType = sourcecode.c.objc; path = main.m; sourceTree = "<group>"; };
		D24E46EE17D6B11000AC886B /* GiftTracker-Prefix.pch */ = {isa = PBXFileReference; lastKnownFileType = sourcecode.c.h; path = "GiftTracker-Prefix.pch"; sourceTree = "<group>"; };
		D24E46EF17D6B11000AC886B /* FPPCAppDelegate.h */ = {isa = PBXFileReference; lastKnownFileType = sourcecode.c.h; path = FPPCAppDelegate.h; sourceTree = "<group>"; };
		D24E46F017D6B11000AC886B /* FPPCAppDelegate.m */ = {isa = PBXFileReference; lastKnownFileType = sourcecode.c.objc; path = FPPCAppDelegate.m; sourceTree = "<group>"; };
		D24E46FE17D6B11100AC886B /* FPPCDashboardViewController.h */ = {isa = PBXFileReference; lastKnownFileType = sourcecode.c.h; path = FPPCDashboardViewController.h; sourceTree = "<group>"; };
		D24E46FF17D6B11100AC886B /* FPPCDashboardViewController.m */ = {isa = PBXFileReference; lastKnownFileType = sourcecode.c.objc; path = FPPCDashboardViewController.m; sourceTree = "<group>"; };
		D24E470617D6BA0C00AC886B /* FPPCSourceFormViewController.h */ = {isa = PBXFileReference; fileEncoding = 4; lastKnownFileType = sourcecode.c.h; path = FPPCSourceFormViewController.h; sourceTree = "<group>"; };
		D24E470717D6BA0C00AC886B /* FPPCSourceFormViewController.m */ = {isa = PBXFileReference; fileEncoding = 4; lastKnownFileType = sourcecode.c.objc; path = FPPCSourceFormViewController.m; sourceTree = "<group>"; };
		D24E470917D6BA2C00AC886B /* FPPCSourceViewController.h */ = {isa = PBXFileReference; fileEncoding = 4; lastKnownFileType = sourcecode.c.h; path = FPPCSourceViewController.h; sourceTree = "<group>"; };
		D24E470A17D6BA2C00AC886B /* FPPCSourceViewController.m */ = {isa = PBXFileReference; fileEncoding = 4; lastKnownFileType = sourcecode.c.objc; path = FPPCSourceViewController.m; sourceTree = "<group>"; };
		D24E470C17D6BA6100AC886B /* FPPCGiftFormViewController.h */ = {isa = PBXFileReference; fileEncoding = 4; lastKnownFileType = sourcecode.c.h; path = FPPCGiftFormViewController.h; sourceTree = "<group>"; };
		D24E470D17D6BA6100AC886B /* FPPCGiftFormViewController.m */ = {isa = PBXFileReference; fileEncoding = 4; lastKnownFileType = sourcecode.c.objc; path = FPPCGiftFormViewController.m; sourceTree = "<group>"; };
		D24E471217D7B88F00AC886B /* FPPCSearchViewController.h */ = {isa = PBXFileReference; fileEncoding = 4; lastKnownFileType = sourcecode.c.h; path = FPPCSearchViewController.h; sourceTree = "<group>"; };
		D24E471317D7B88F00AC886B /* FPPCSearchViewController.m */ = {isa = PBXFileReference; fileEncoding = 4; lastKnownFileType = sourcecode.c.objc; path = FPPCSearchViewController.m; sourceTree = "<group>"; };
		D24E471717D7EF8500AC886B /* FPPCSourceSearchViewController.h */ = {isa = PBXFileReference; fileEncoding = 4; lastKnownFileType = sourcecode.c.h; path = FPPCSourceSearchViewController.h; sourceTree = "<group>"; };
		D24E471817D7EF8500AC886B /* FPPCSourceSearchViewController.m */ = {isa = PBXFileReference; fileEncoding = 4; lastKnownFileType = sourcecode.c.objc; path = FPPCSourceSearchViewController.m; sourceTree = "<group>"; };
		D24E471A17D7EFA800AC886B /* FPPCGiftSearchViewController.h */ = {isa = PBXFileReference; fileEncoding = 4; lastKnownFileType = sourcecode.c.h; path = FPPCGiftSearchViewController.h; sourceTree = "<group>"; };
		D24E471B17D7EFA900AC886B /* FPPCGiftSearchViewController.m */ = {isa = PBXFileReference; fileEncoding = 4; lastKnownFileType = sourcecode.c.objc; path = FPPCGiftSearchViewController.m; sourceTree = "<group>"; };
		D24E472217D812E700AC886B /* FPPCViewController.h */ = {isa = PBXFileReference; fileEncoding = 4; lastKnownFileType = sourcecode.c.h; path = FPPCViewController.h; sourceTree = "<group>"; };
		D24E472317D812E700AC886B /* FPPCViewController.m */ = {isa = PBXFileReference; fileEncoding = 4; lastKnownFileType = sourcecode.c.objc; path = FPPCViewController.m; sourceTree = "<group>"; };
		D2C22B7017EA681B009C8556 /* FPPCModel.xcdatamodel */ = {isa = PBXFileReference; lastKnownFileType = wrapper.xcdatamodel; path = FPPCModel.xcdatamodel; sourceTree = "<group>"; };
		D2C22B7217F0918C009C8556 /* DHxlsIOS.xcodeproj */ = {isa = PBXFileReference; lastKnownFileType = "wrapper.pb-project"; name = DHxlsIOS.xcodeproj; path = Vendor/xlslib/DHxls/DHxlsIOS.xcodeproj; sourceTree = "<group>"; };
		D2C9219817E57036002FC3DC /* FPPCGiftsViewController.h */ = {isa = PBXFileReference; fileEncoding = 4; lastKnownFileType = sourcecode.c.h; path = FPPCGiftsViewController.h; sourceTree = "<group>"; };
		D2C9219917E57036002FC3DC /* FPPCGiftsViewController.m */ = {isa = PBXFileReference; fileEncoding = 4; lastKnownFileType = sourcecode.c.objc; path = FPPCGiftsViewController.m; sourceTree = "<group>"; };
		D2C9219C17E570B1002FC3DC /* FPPCSourcesViewController.h */ = {isa = PBXFileReference; fileEncoding = 4; lastKnownFileType = sourcecode.c.h; path = FPPCSourcesViewController.h; sourceTree = "<group>"; };
		D2C9219D17E570B1002FC3DC /* FPPCSourcesViewController.m */ = {isa = PBXFileReference; fileEncoding = 4; lastKnownFileType = sourcecode.c.objc; path = FPPCSourcesViewController.m; sourceTree = "<group>"; };
		D2CAAE9517E0C44E00EF2FF5 /* FPPCGiftFormCell.xib */ = {isa = PBXFileReference; fileEncoding = 4; lastKnownFileType = file.xib; name = FPPCGiftFormCell.xib; path = en.lproj/FPPCGiftFormCell.xib; sourceTree = "<group>"; };
		D2CAAE9717E0C49900EF2FF5 /* FPPCGiftFormCell.h */ = {isa = PBXFileReference; fileEncoding = 4; lastKnownFileType = sourcecode.c.h; path = FPPCGiftFormCell.h; sourceTree = "<group>"; };
		D2CAAE9817E0C49900EF2FF5 /* FPPCGiftFormCell.m */ = {isa = PBXFileReference; fileEncoding = 4; lastKnownFileType = sourcecode.c.objc; path = FPPCGiftFormCell.m; sourceTree = "<group>"; };
		D2CAAEAF17E2C21200EF2FF5 /* UIColor+FPPC.h */ = {isa = PBXFileReference; fileEncoding = 4; lastKnownFileType = sourcecode.c.h; path = "UIColor+FPPC.h"; sourceTree = "<group>"; };
		D2CAAEB017E2C21300EF2FF5 /* UIColor+FPPC.m */ = {isa = PBXFileReference; fileEncoding = 4; lastKnownFileType = sourcecode.c.objc; path = "UIColor+FPPC.m"; sourceTree = "<group>"; };
		D2CAAEB717E34E4800EF2FF5 /* DCRoundSwitch.h */ = {isa = PBXFileReference; lastKnownFileType = sourcecode.c.h; path = DCRoundSwitch.h; sourceTree = "<group>"; };
		D2CAAEB817E34E4800EF2FF5 /* DCRoundSwitch.m */ = {isa = PBXFileReference; lastKnownFileType = sourcecode.c.objc; path = DCRoundSwitch.m; sourceTree = "<group>"; };
		D2CAAEB917E34E4900EF2FF5 /* DCRoundSwitchKnobLayer.h */ = {isa = PBXFileReference; lastKnownFileType = sourcecode.c.h; path = DCRoundSwitchKnobLayer.h; sourceTree = "<group>"; };
		D2CAAEBA17E34E4900EF2FF5 /* DCRoundSwitchKnobLayer.m */ = {isa = PBXFileReference; lastKnownFileType = sourcecode.c.objc; path = DCRoundSwitchKnobLayer.m; sourceTree = "<group>"; };
		D2CAAEBB17E34E4900EF2FF5 /* DCRoundSwitchOutlineLayer.h */ = {isa = PBXFileReference; lastKnownFileType = sourcecode.c.h; path = DCRoundSwitchOutlineLayer.h; sourceTree = "<group>"; };
		D2CAAEBC17E34E4900EF2FF5 /* DCRoundSwitchOutlineLayer.m */ = {isa = PBXFileReference; lastKnownFileType = sourcecode.c.objc; path = DCRoundSwitchOutlineLayer.m; sourceTree = "<group>"; };
		D2CAAEBD17E34E4900EF2FF5 /* DCRoundSwitchToggleLayer.h */ = {isa = PBXFileReference; lastKnownFileType = sourcecode.c.h; path = DCRoundSwitchToggleLayer.h; sourceTree = "<group>"; };
		D2CAAEBE17E34E4900EF2FF5 /* DCRoundSwitchToggleLayer.m */ = {isa = PBXFileReference; lastKnownFileType = sourcecode.c.objc; path = DCRoundSwitchToggleLayer.m; sourceTree = "<group>"; };
		D2CAAEC617E350A600EF2FF5 /* QuartzCore.framework */ = {isa = PBXFileReference; lastKnownFileType = wrapper.framework; name = QuartzCore.framework; path = System/Library/Frameworks/QuartzCore.framework; sourceTree = SDKROOT; };
		D2CAB76017E4C32B00D69104 /* libTestFlight.a */ = {isa = PBXFileReference; lastKnownFileType = archive.ar; path = libTestFlight.a; sourceTree = "<group>"; };
		D2CAB76117E4C32B00D69104 /* README.md */ = {isa = PBXFileReference; fileEncoding = 4; lastKnownFileType = text; path = README.md; sourceTree = "<group>"; };
		D2CAB76217E4C32B00D69104 /* release_notes.md */ = {isa = PBXFileReference; fileEncoding = 4; lastKnownFileType = text; path = release_notes.md; sourceTree = "<group>"; };
		D2CAB76317E4C32B00D69104 /* TestFlight+AsyncLogging.h */ = {isa = PBXFileReference; fileEncoding = 4; lastKnownFileType = sourcecode.c.h; path = "TestFlight+AsyncLogging.h"; sourceTree = "<group>"; };
		D2CAB76417E4C32B00D69104 /* TestFlight+ManualSessions.h */ = {isa = PBXFileReference; fileEncoding = 4; lastKnownFileType = sourcecode.c.h; path = "TestFlight+ManualSessions.h"; sourceTree = "<group>"; };
		D2CAB76517E4C32B00D69104 /* TestFlight.h */ = {isa = PBXFileReference; fileEncoding = 4; lastKnownFileType = sourcecode.c.h; path = TestFlight.h; sourceTree = "<group>"; };
		D2CAB76917E4C34B00D69104 /* libz.dylib */ = {isa = PBXFileReference; lastKnownFileType = "compiled.mach-o.dylib"; name = libz.dylib; path = usr/lib/libz.dylib; sourceTree = SDKROOT; };
		D2CD555417DAF45B003BBE30 /* FPPCSourceCell.h */ = {isa = PBXFileReference; fileEncoding = 4; lastKnownFileType = sourcecode.c.h; path = FPPCSourceCell.h; sourceTree = "<group>"; };
		D2CD555517DAF45B003BBE30 /* FPPCSourceCell.m */ = {isa = PBXFileReference; fileEncoding = 4; lastKnownFileType = sourcecode.c.objc; path = FPPCSourceCell.m; sourceTree = "<group>"; };
		D2CD555817DAF469003BBE30 /* FPPCGiftCell.h */ = {isa = PBXFileReference; fileEncoding = 4; lastKnownFileType = sourcecode.c.h; path = FPPCGiftCell.h; sourceTree = "<group>"; };
		D2CD555917DAF469003BBE30 /* FPPCGiftCell.m */ = {isa = PBXFileReference; fileEncoding = 4; lastKnownFileType = sourcecode.c.objc; path = FPPCGiftCell.m; sourceTree = "<group>"; };
		D2CD55A217DCD22B003BBE30 /* FPPCSourceCell.xib */ = {isa = PBXFileReference; fileEncoding = 4; lastKnownFileType = file.xib; name = FPPCSourceCell.xib; path = en.lproj/FPPCSourceCell.xib; sourceTree = "<group>"; };
		D2CD55A417DCD23C003BBE30 /* FPPCGiftCell.xib */ = {isa = PBXFileReference; fileEncoding = 4; lastKnownFileType = file.xib; name = FPPCGiftCell.xib; path = en.lproj/FPPCGiftCell.xib; sourceTree = "<group>"; };
		D2CD55A817DF6A1F003BBE30 /* FPPCActionSheet.h */ = {isa = PBXFileReference; fileEncoding = 4; lastKnownFileType = sourcecode.c.h; path = FPPCActionSheet.h; sourceTree = "<group>"; };
		D2CD55A917DF6A20003BBE30 /* FPPCActionSheet.m */ = {isa = PBXFileReference; fileEncoding = 4; lastKnownFileType = sourcecode.c.objc; path = FPPCActionSheet.m; sourceTree = "<group>"; };
		D2D77F9617D8D15100C88F06 /* MessageUI.framework */ = {isa = PBXFileReference; lastKnownFileType = wrapper.framework; name = MessageUI.framework; path = System/Library/Frameworks/MessageUI.framework; sourceTree = SDKROOT; };
		D2EBA0C817D84676005B8C94 /* libc++.dylib */ = {isa = PBXFileReference; lastKnownFileType = "compiled.mach-o.dylib"; name = "libc++.dylib"; path = "usr/lib/libc++.dylib"; sourceTree = SDKROOT; };
/* End PBXFileReference section */

/* Begin PBXFrameworksBuildPhase section */
		D24E46DA17D6B11000AC886B /* Frameworks */ = {
			isa = PBXFrameworksBuildPhase;
			buildActionMask = 2147483647;
			files = (
				D2C22B7817F091BB009C8556 /* libDHxls.a in Frameworks */,
				D2CAB76A17E4C34C00D69104 /* libz.dylib in Frameworks */,
				D2C22B7B17F0937A009C8556 /* libTestFlight.a in Frameworks */,
				D2CAAEC717E350A600EF2FF5 /* QuartzCore.framework in Frameworks */,
				D21AAF4417D90C8300C27FDA /* CoreData.framework in Frameworks */,
				D2EBA0C917D84676005B8C94 /* libc++.dylib in Frameworks */,
				D24E46E117D6B11000AC886B /* UIKit.framework in Frameworks */,
				D24E46E317D6B11000AC886B /* Foundation.framework in Frameworks */,
				D24E46E517D6B11000AC886B /* CoreGraphics.framework in Frameworks */,
				D2D77F9717D8D15100C88F06 /* MessageUI.framework in Frameworks */,
			);
			runOnlyForDeploymentPostprocessing = 0;
		};
/* End PBXFrameworksBuildPhase section */

/* Begin PBXGroup section */
		D24E46D417D6B11000AC886B = {
			isa = PBXGroup;
			children = (
				D24E473317D83D7900AC886B /* Vendor */,
				D24E46E617D6B11000AC886B /* GiftTracker */,
				D24E46DF17D6B11000AC886B /* Frameworks */,
				D24E46DE17D6B11000AC886B /* Products */,
			);
			sourceTree = "<group>";
		};
		D24E46DE17D6B11000AC886B /* Products */ = {
			isa = PBXGroup;
			children = (
				D24E46DD17D6B11000AC886B /* GiftTracker.app */,
			);
			name = Products;
			sourceTree = "<group>";
		};
		D24E46DF17D6B11000AC886B /* Frameworks */ = {
			isa = PBXGroup;
			children = (
				D2EBA0C817D84676005B8C94 /* libc++.dylib */,
				D24E46E017D6B11000AC886B /* UIKit.framework */,
				D24E46E217D6B11000AC886B /* Foundation.framework */,
				D24E46E417D6B11000AC886B /* CoreGraphics.framework */,
				D2D77F9617D8D15100C88F06 /* MessageUI.framework */,
				D21AAF4317D90C8300C27FDA /* CoreData.framework */,
				D2CAAEC617E350A600EF2FF5 /* QuartzCore.framework */,
			);
			name = Frameworks;
			sourceTree = "<group>";
		};
		D24E46E617D6B11000AC886B /* GiftTracker */ = {
			isa = PBXGroup;
			children = (
				D217DE2F17F48C13006970B3 /* GiftTracker.entitlements */,
				D2D77F9C17D8DAB600C88F06 /* Model */,
				D24E471E17D7EFDE00AC886B /* View */,
				D24E471D17D7EFB100AC886B /* Controller */,
				D2280E7417F25B5600FEE521 /* Images.xcassets */,
				D24E46E717D6B11000AC886B /* Supporting Files */,
			);
			path = GiftTracker;
			sourceTree = "<group>";
		};
		D24E46E717D6B11000AC886B /* Supporting Files */ = {
			isa = PBXGroup;
			children = (
				D2CAB76917E4C34B00D69104 /* libz.dylib */,
				D24E46E817D6B11000AC886B /* GiftTracker-Info.plist */,
				D24E46E917D6B11000AC886B /* InfoPlist.strings */,
				D24E46EC17D6B11000AC886B /* main.m */,
				D24E46EE17D6B11000AC886B /* GiftTracker-Prefix.pch */,
			);
			name = "Supporting Files";
			sourceTree = "<group>";
		};
		D24E471D17D7EFB100AC886B /* Controller */ = {
			isa = PBXGroup;
			children = (
				D24E472117D7F0CC00AC886B /* Gift */,
				D24E472017D7F0C600AC886B /* Source */,
				D24E471F17D7F00000AC886B /* Search */,
				D24E46EF17D6B11000AC886B /* FPPCAppDelegate.h */,
				D24E46F017D6B11000AC886B /* FPPCAppDelegate.m */,
				D24E46FE17D6B11100AC886B /* FPPCDashboardViewController.h */,
				D24E46FF17D6B11100AC886B /* FPPCDashboardViewController.m */,
				D24E472217D812E700AC886B /* FPPCViewController.h */,
				D24E472317D812E700AC886B /* FPPCViewController.m */,
			);
			name = Controller;
			sourceTree = "<group>";
		};
		D24E471E17D7EFDE00AC886B /* View */ = {
			isa = PBXGroup;
			children = (
				D2280E7A17F26E9200FEE521 /* MainStoryboard_iPad.storyboard */,
				D2280E7C17F26E9200FEE521 /* MainStoryboard_iPhone.storyboard */,
				D2CD55A217DCD22B003BBE30 /* FPPCSourceCell.xib */,
				D2CD55A417DCD23C003BBE30 /* FPPCGiftCell.xib */,
				D2CAAE9517E0C44E00EF2FF5 /* FPPCGiftFormCell.xib */,
				D21AAF4C17D9386A00C27FDA /* FPPCKeyboard.h */,
				D21AAF4D17D9386A00C27FDA /* FPPCKeyboard.m */,
				D2CD555417DAF45B003BBE30 /* FPPCSourceCell.h */,
				D2CD555517DAF45B003BBE30 /* FPPCSourceCell.m */,
				D2CD555817DAF469003BBE30 /* FPPCGiftCell.h */,
				D2CD555917DAF469003BBE30 /* FPPCGiftCell.m */,
				D2CAAE9717E0C49900EF2FF5 /* FPPCGiftFormCell.h */,
				D2CAAE9817E0C49900EF2FF5 /* FPPCGiftFormCell.m */,
				D2CD55A817DF6A1F003BBE30 /* FPPCActionSheet.h */,
				D2CD55A917DF6A20003BBE30 /* FPPCActionSheet.m */,
				D2CAAEAF17E2C21200EF2FF5 /* UIColor+FPPC.h */,
				D2CAAEB017E2C21300EF2FF5 /* UIColor+FPPC.m */,
			);
			name = View;
			sourceTree = "<group>";
		};
		D24E471F17D7F00000AC886B /* Search */ = {
			isa = PBXGroup;
			children = (
				D24E471217D7B88F00AC886B /* FPPCSearchViewController.h */,
				D24E471317D7B88F00AC886B /* FPPCSearchViewController.m */,
				D24E471717D7EF8500AC886B /* FPPCSourceSearchViewController.h */,
				D24E471817D7EF8500AC886B /* FPPCSourceSearchViewController.m */,
				D24E471A17D7EFA800AC886B /* FPPCGiftSearchViewController.h */,
				D24E471B17D7EFA900AC886B /* FPPCGiftSearchViewController.m */,
			);
			name = Search;
			sourceTree = "<group>";
		};
		D24E472017D7F0C600AC886B /* Source */ = {
			isa = PBXGroup;
			children = (
				D24E470617D6BA0C00AC886B /* FPPCSourceFormViewController.h */,
				D24E470717D6BA0C00AC886B /* FPPCSourceFormViewController.m */,
				D24E470917D6BA2C00AC886B /* FPPCSourceViewController.h */,
				D24E470A17D6BA2C00AC886B /* FPPCSourceViewController.m */,
				D2C9219C17E570B1002FC3DC /* FPPCSourcesViewController.h */,
				D2C9219D17E570B1002FC3DC /* FPPCSourcesViewController.m */,
			);
			name = Source;
			sourceTree = "<group>";
		};
		D24E472117D7F0CC00AC886B /* Gift */ = {
			isa = PBXGroup;
			children = (
				D24E470C17D6BA6100AC886B /* FPPCGiftFormViewController.h */,
				D24E470D17D6BA6100AC886B /* FPPCGiftFormViewController.m */,
				D2C9219817E57036002FC3DC /* FPPCGiftsViewController.h */,
				D2C9219917E57036002FC3DC /* FPPCGiftsViewController.m */,
			);
			name = Gift;
			sourceTree = "<group>";
		};
		D24E473317D83D7900AC886B /* Vendor */ = {
			isa = PBXGroup;
			children = (
				D2C22B7217F0918C009C8556 /* DHxlsIOS.xcodeproj */,
				D2CAB75F17E4C32B00D69104 /* TestFlightSDK2.0.0 */,
				D2CAAEB617E34E3100EF2FF5 /* DCRoundSwitch */,
			);
			name = Vendor;
			sourceTree = "<group>";
		};
		D2C22B7317F0918C009C8556 /* Products */ = {
			isa = PBXGroup;
			children = (
				D2C22B7717F0918D009C8556 /* libDHxls.a */,
			);
			name = Products;
			sourceTree = "<group>";
		};
		D2CAAEB617E34E3100EF2FF5 /* DCRoundSwitch */ = {
			isa = PBXGroup;
			children = (
				D2CAAEB717E34E4800EF2FF5 /* DCRoundSwitch.h */,
				D2CAAEB817E34E4800EF2FF5 /* DCRoundSwitch.m */,
				D2CAAEB917E34E4900EF2FF5 /* DCRoundSwitchKnobLayer.h */,
				D2CAAEBA17E34E4900EF2FF5 /* DCRoundSwitchKnobLayer.m */,
				D2CAAEBB17E34E4900EF2FF5 /* DCRoundSwitchOutlineLayer.h */,
				D2CAAEBC17E34E4900EF2FF5 /* DCRoundSwitchOutlineLayer.m */,
				D2CAAEBD17E34E4900EF2FF5 /* DCRoundSwitchToggleLayer.h */,
				D2CAAEBE17E34E4900EF2FF5 /* DCRoundSwitchToggleLayer.m */,
			);
			name = DCRoundSwitch;
			path = Vendor/DCRoundSwitch;
			sourceTree = "<group>";
		};
		D2CAB75F17E4C32B00D69104 /* TestFlightSDK2.0.0 */ = {
			isa = PBXGroup;
			children = (
				D2CAB76017E4C32B00D69104 /* libTestFlight.a */,
				D2CAB76117E4C32B00D69104 /* README.md */,
				D2CAB76217E4C32B00D69104 /* release_notes.md */,
				D2CAB76317E4C32B00D69104 /* TestFlight+AsyncLogging.h */,
				D2CAB76417E4C32B00D69104 /* TestFlight+ManualSessions.h */,
				D2CAB76517E4C32B00D69104 /* TestFlight.h */,
			);
			name = TestFlightSDK2.0.0;
			path = Vendor/TestFlightSDK2.0.0;
			sourceTree = "<group>";
		};
		D2D77F9C17D8DAB600C88F06 /* Model */ = {
			isa = PBXGroup;
			children = (
				D2C22B6F17EA681B009C8556 /* FPPCModel.xcdatamodeld */,
				D240C20B17FD30C900E2647F /* FPPCAmount.h */,
				D240C20C17FD30C900E2647F /* FPPCAmount.m */,
				D240C20817FD30C900E2647F /* FPPCSource.h */,
				D240C20917FD30C900E2647F /* FPPCSource.m */,
				D240C20517FD30C800E2647F /* FPPCGift.h */,
				D240C20617FD30C800E2647F /* FPPCGift.m */,
			);
			name = Model;
			sourceTree = "<group>";
		};
/* End PBXGroup section */

/* Begin PBXNativeTarget section */
		D24E46DC17D6B11000AC886B /* GiftTracker */ = {
			isa = PBXNativeTarget;
			buildConfigurationList = D24E470317D6B11100AC886B /* Build configuration list for PBXNativeTarget "GiftTracker" */;
			buildPhases = (
				D24E46D917D6B11000AC886B /* Sources */,
				D24E46DA17D6B11000AC886B /* Frameworks */,
				D24E46DB17D6B11000AC886B /* Resources */,
			);
			buildRules = (
			);
			dependencies = (
				D2C22B7A17F09318009C8556 /* PBXTargetDependency */,
			);
			name = GiftTracker;
			productName = GiftTracker;
			productReference = D24E46DD17D6B11000AC886B /* GiftTracker.app */;
			productType = "com.apple.product-type.application";
		};
/* End PBXNativeTarget section */

/* Begin PBXProject section */
		D24E46D517D6B11000AC886B /* Project object */ = {
			isa = PBXProject;
			attributes = {
				CLASSPREFIX = FPPC;
				LastUpgradeCheck = 0500;
				ORGANIZATIONNAME = FPPC;
				TargetAttributes = {
					D24E46DC17D6B11000AC886B = {
						DevelopmentTeam = 8A7Q932AD8;
						SystemCapabilities = {
							com.apple.iCloud = {
								enabled = 1;
							};
						};
					};
				};
			};
			buildConfigurationList = D24E46D817D6B11000AC886B /* Build configuration list for PBXProject "GiftTracker" */;
			compatibilityVersion = "Xcode 3.2";
			developmentRegion = English;
			hasScannedForEncodings = 0;
			knownRegions = (
				en,
				English,
			);
			mainGroup = D24E46D417D6B11000AC886B;
			productRefGroup = D24E46DE17D6B11000AC886B /* Products */;
			projectDirPath = "";
			projectReferences = (
				{
					ProductGroup = D2C22B7317F0918C009C8556 /* Products */;
					ProjectRef = D2C22B7217F0918C009C8556 /* DHxlsIOS.xcodeproj */;
				},
			);
			projectRoot = "";
			targets = (
				D24E46DC17D6B11000AC886B /* GiftTracker */,
			);
		};
/* End PBXProject section */

/* Begin PBXReferenceProxy section */
		D2C22B7717F0918D009C8556 /* libDHxls.a */ = {
			isa = PBXReferenceProxy;
			fileType = archive.ar;
			path = libDHxls.a;
			remoteRef = D2C22B7617F0918D009C8556 /* PBXContainerItemProxy */;
			sourceTree = BUILT_PRODUCTS_DIR;
		};
/* End PBXReferenceProxy section */

/* Begin PBXResourcesBuildPhase section */
		D24E46DB17D6B11000AC886B /* Resources */ = {
			isa = PBXResourcesBuildPhase;
			buildActionMask = 2147483647;
			files = (
				D24E46EB17D6B11000AC886B /* InfoPlist.strings in Resources */,
				D2280E7E17F26E9200FEE521 /* MainStoryboard_iPad.storyboard in Resources */,
				D2280E7517F25B5600FEE521 /* Images.xcassets in Resources */,
				D2CD55A317DCD22B003BBE30 /* FPPCSourceCell.xib in Resources */,
				D2CD55A517DCD23C003BBE30 /* FPPCGiftCell.xib in Resources */,
				D2CAAE9617E0C44E00EF2FF5 /* FPPCGiftFormCell.xib in Resources */,
				D2CAB76717E4C32C00D69104 /* README.md in Resources */,
				D2CAB76817E4C32C00D69104 /* release_notes.md in Resources */,
				D2280E7F17F26E9200FEE521 /* MainStoryboard_iPhone.storyboard in Resources */,
			);
			runOnlyForDeploymentPostprocessing = 0;
		};
/* End PBXResourcesBuildPhase section */

/* Begin PBXSourcesBuildPhase section */
		D24E46D917D6B11000AC886B /* Sources */ = {
			isa = PBXSourcesBuildPhase;
			buildActionMask = 2147483647;
			files = (
				D21AAF4E17D93BDE00C27FDA /* FPPCKeyboard.m in Sources */,
				D24E46ED17D6B11000AC886B /* main.m in Sources */,
				D24E46F117D6B11000AC886B /* FPPCAppDelegate.m in Sources */,
				D24E470017D6B11100AC886B /* FPPCDashboardViewController.m in Sources */,
				D24E470817D6BA0C00AC886B /* FPPCSourceFormViewController.m in Sources */,
				D24E470B17D6BA2C00AC886B /* FPPCSourceViewController.m in Sources */,
				D24E470E17D6BA6100AC886B /* FPPCGiftFormViewController.m in Sources */,
				D24E471517D7B88F00AC886B /* FPPCSearchViewController.m in Sources */,
				D24E471917D7EF8500AC886B /* FPPCSourceSearchViewController.m in Sources */,
				D24E471C17D7EFA900AC886B /* FPPCGiftSearchViewController.m in Sources */,
				D240C20D17FD30C900E2647F /* FPPCAmount.m in Sources */,
				D24E472417D812E700AC886B /* FPPCViewController.m in Sources */,
				D2CD555617DAF45B003BBE30 /* FPPCSourceCell.m in Sources */,
				D2CD555A17DAF469003BBE30 /* FPPCGiftCell.m in Sources */,
				D2CD55AA17DF6A21003BBE30 /* FPPCActionSheet.m in Sources */,
				D240C20A17FD30C900E2647F /* FPPCSource.m in Sources */,
				D2CAAE9917E0C49900EF2FF5 /* FPPCGiftFormCell.m in Sources */,
				D2CAAEB117E2C21300EF2FF5 /* UIColor+FPPC.m in Sources */,
				D240C20717FD30C800E2647F /* FPPCGift.m in Sources */,
				D2CAAEBF17E34E9700EF2FF5 /* DCRoundSwitch.m in Sources */,
				D2CAAEC017E34E9D00EF2FF5 /* DCRoundSwitchKnobLayer.m in Sources */,
				D2CAAEC117E34E9D00EF2FF5 /* DCRoundSwitchOutlineLayer.m in Sources */,
				D2CAAEC217E34E9D00EF2FF5 /* DCRoundSwitchToggleLayer.m in Sources */,
				D2C9219A17E57036002FC3DC /* FPPCGiftsViewController.m in Sources */,
				D2C9219E17E570B1002FC3DC /* FPPCSourcesViewController.m in Sources */,
				D2C22B7117EA681B009C8556 /* FPPCModel.xcdatamodeld in Sources */,
			);
			runOnlyForDeploymentPostprocessing = 0;
		};
/* End PBXSourcesBuildPhase section */

/* Begin PBXTargetDependency section */
		D2C22B7A17F09318009C8556 /* PBXTargetDependency */ = {
			isa = PBXTargetDependency;
			name = DHxls;
			targetProxy = D2C22B7917F09318009C8556 /* PBXContainerItemProxy */;
		};
/* End PBXTargetDependency section */

/* Begin PBXVariantGroup section */
		D2280E7A17F26E9200FEE521 /* MainStoryboard_iPad.storyboard */ = {
			isa = PBXVariantGroup;
			children = (
				D2280E7B17F26E9200FEE521 /* en */,
			);
			name = MainStoryboard_iPad.storyboard;
			sourceTree = "<group>";
		};
		D2280E7C17F26E9200FEE521 /* MainStoryboard_iPhone.storyboard */ = {
			isa = PBXVariantGroup;
			children = (
				D2280E7D17F26E9200FEE521 /* en */,
			);
			name = MainStoryboard_iPhone.storyboard;
			sourceTree = "<group>";
		};
		D24E46E917D6B11000AC886B /* InfoPlist.strings */ = {
			isa = PBXVariantGroup;
			children = (
				D24E46EA17D6B11000AC886B /* en */,
			);
			name = InfoPlist.strings;
			sourceTree = "<group>";
		};
/* End PBXVariantGroup section */

/* Begin XCBuildConfiguration section */
		D24E470117D6B11100AC886B /* Debug */ = {
			isa = XCBuildConfiguration;
			buildSettings = {
				ALWAYS_SEARCH_USER_PATHS = NO;
				CLANG_CXX_LANGUAGE_STANDARD = "gnu++0x";
				CLANG_CXX_LIBRARY = "libc++";
				CLANG_ENABLE_OBJC_ARC = YES;
				CLANG_WARN_CONSTANT_CONVERSION = YES;
				CLANG_WARN_EMPTY_BODY = YES;
				CLANG_WARN_ENUM_CONVERSION = YES;
				CLANG_WARN_INT_CONVERSION = YES;
				CLANG_WARN__DUPLICATE_METHOD_MATCH = YES;
				"CODE_SIGN_IDENTITY[sdk=iphoneos*]" = "iPhone Developer";
				COPY_PHASE_STRIP = NO;
				GCC_C_LANGUAGE_STANDARD = gnu99;
				GCC_DYNAMIC_NO_PIC = NO;
				GCC_ENABLE_CPP_EXCEPTIONS = NO;
				GCC_ENABLE_CPP_RTTI = NO;
				GCC_OPTIMIZATION_LEVEL = 0;
				GCC_PREPROCESSOR_DEFINITIONS = (
					"DEBUG=1",
					"$(inherited)",
				);
				GCC_SYMBOLS_PRIVATE_EXTERN = NO;
				GCC_WARN_ABOUT_RETURN_TYPE = YES;
				GCC_WARN_UNINITIALIZED_AUTOS = YES;
				GCC_WARN_UNUSED_VARIABLE = YES;
				IPHONEOS_DEPLOYMENT_TARGET = 6.1;
				ONLY_ACTIVE_ARCH = YES;
				SDKROOT = iphoneos;
				TARGETED_DEVICE_FAMILY = "1,2";
			};
			name = Debug;
		};
		D24E470217D6B11100AC886B /* Release */ = {
			isa = XCBuildConfiguration;
			buildSettings = {
				ALWAYS_SEARCH_USER_PATHS = NO;
				CLANG_CXX_LANGUAGE_STANDARD = "gnu++0x";
				CLANG_CXX_LIBRARY = "libc++";
				CLANG_ENABLE_OBJC_ARC = YES;
				CLANG_WARN_CONSTANT_CONVERSION = YES;
				CLANG_WARN_EMPTY_BODY = YES;
				CLANG_WARN_ENUM_CONVERSION = YES;
				CLANG_WARN_INT_CONVERSION = YES;
				CLANG_WARN__DUPLICATE_METHOD_MATCH = YES;
				"CODE_SIGN_IDENTITY[sdk=iphoneos*]" = "iPhone Developer";
				COPY_PHASE_STRIP = YES;
				GCC_C_LANGUAGE_STANDARD = gnu99;
				GCC_ENABLE_CPP_EXCEPTIONS = NO;
				GCC_ENABLE_CPP_RTTI = NO;
				GCC_WARN_ABOUT_RETURN_TYPE = YES;
				GCC_WARN_UNINITIALIZED_AUTOS = YES;
				GCC_WARN_UNUSED_VARIABLE = YES;
				IPHONEOS_DEPLOYMENT_TARGET = 6.1;
				OTHER_CFLAGS = "-DNS_BLOCK_ASSERTIONS=1";
				SDKROOT = iphoneos;
				TARGETED_DEVICE_FAMILY = "1,2";
				VALIDATE_PRODUCT = YES;
			};
			name = Release;
		};
		D24E470417D6B11100AC886B /* Debug */ = {
			isa = XCBuildConfiguration;
			buildSettings = {
				ASSETCATALOG_COMPILER_APPICON_NAME = AppIcon;
				ASSETCATALOG_COMPILER_LAUNCHIMAGE_NAME = LaunchImage;
				CODE_SIGN_ENTITLEMENTS = GiftTracker/GiftTracker.entitlements;
				CODE_SIGN_IDENTITY = "iPhone Developer";
				"CODE_SIGN_IDENTITY[sdk=iphoneos*]" = "iPhone Developer";
				GCC_PRECOMPILE_PREFIX_HEADER = YES;
				GCC_PREFIX_HEADER = "GiftTracker/GiftTracker-Prefix.pch";
				HEADER_SEARCH_PATHS = "\"$(SRCROOT)/Vendor/xlslib/DHxls\"/**";
				INFOPLIST_FILE = "GiftTracker/GiftTracker-Info.plist";
				LIBRARY_SEARCH_PATHS = (
					"$(inherited)",
					"\"$(SRCROOT)/Vendor/DCRoundSwitch\"",
					"\"$(SRCROOT)/Vendor/TestFlightSDK2.0.0\"",
				);
				PRODUCT_NAME = "$(TARGET_NAME)";
				PROVISIONING_PROFILE = "";
				WRAPPER_EXTENSION = app;
			};
			name = Debug;
		};
		D24E470517D6B11100AC886B /* Release */ = {
			isa = XCBuildConfiguration;
			buildSettings = {
				ASSETCATALOG_COMPILER_APPICON_NAME = AppIcon;
				ASSETCATALOG_COMPILER_LAUNCHIMAGE_NAME = LaunchImage;
				CODE_SIGN_ENTITLEMENTS = GiftTracker/GiftTracker.entitlements;
				CODE_SIGN_IDENTITY = "iPhone Developer";
				"CODE_SIGN_IDENTITY[sdk=iphoneos*]" = "iPhone Developer";
				GCC_PRECOMPILE_PREFIX_HEADER = YES;
				GCC_PREFIX_HEADER = "GiftTracker/GiftTracker-Prefix.pch";
				HEADER_SEARCH_PATHS = "\"$(SRCROOT)/Vendor/xlslib/DHxls\"/**";
				INFOPLIST_FILE = "GiftTracker/GiftTracker-Info.plist";
				LIBRARY_SEARCH_PATHS = (
					"$(inherited)",
					"\"$(SRCROOT)/Vendor/DCRoundSwitch\"",
					"\"$(SRCROOT)/Vendor/TestFlightSDK2.0.0\"",
				);
				PRODUCT_NAME = "$(TARGET_NAME)";
				PROVISIONING_PROFILE = "";
				WRAPPER_EXTENSION = app;
			};
			name = Release;
		};
		D2CAB77317E4CC1E00D69104 /* AdHoc */ = {
			isa = XCBuildConfiguration;
			buildSettings = {
				ALWAYS_SEARCH_USER_PATHS = NO;
				CLANG_CXX_LANGUAGE_STANDARD = "gnu++0x";
				CLANG_CXX_LIBRARY = "libc++";
				CLANG_ENABLE_OBJC_ARC = YES;
				CLANG_WARN_CONSTANT_CONVERSION = YES;
				CLANG_WARN_EMPTY_BODY = YES;
				CLANG_WARN_ENUM_CONVERSION = YES;
				CLANG_WARN_INT_CONVERSION = YES;
				CLANG_WARN__DUPLICATE_METHOD_MATCH = YES;
				"CODE_SIGN_IDENTITY[sdk=iphoneos*]" = "iPhone Distribution: Jaime Ohm (8A7Q932AD8)";
				COPY_PHASE_STRIP = YES;
				GCC_C_LANGUAGE_STANDARD = gnu99;
				GCC_ENABLE_CPP_EXCEPTIONS = NO;
				GCC_ENABLE_CPP_RTTI = NO;
				GCC_WARN_ABOUT_RETURN_TYPE = YES;
				GCC_WARN_UNINITIALIZED_AUTOS = YES;
				GCC_WARN_UNUSED_VARIABLE = YES;
				IPHONEOS_DEPLOYMENT_TARGET = 6.1;
				OTHER_CFLAGS = "-DNS_BLOCK_ASSERTIONS=1";
				"PROVISIONING_PROFILE[sdk=iphoneos*]" = "227FE8F7-A1E1-4B11-9AAB-F7FAF8A063B7";
				SDKROOT = iphoneos;
				TARGETED_DEVICE_FAMILY = "1,2";
				VALIDATE_PRODUCT = YES;
			};
			name = AdHoc;
		};
		D2CAB77417E4CC1E00D69104 /* AdHoc */ = {
			isa = XCBuildConfiguration;
			buildSettings = {
				ASSETCATALOG_COMPILER_APPICON_NAME = AppIcon;
				ASSETCATALOG_COMPILER_LAUNCHIMAGE_NAME = LaunchImage;
				CODE_SIGN_ENTITLEMENTS = GiftTracker/GiftTracker.entitlements;
				CODE_SIGN_IDENTITY = "iPhone Developer";
				"CODE_SIGN_IDENTITY[sdk=iphoneos*]" = "iPhone Developer";
				GCC_PRECOMPILE_PREFIX_HEADER = YES;
				GCC_PREFIX_HEADER = "GiftTracker/GiftTracker-Prefix.pch";
				HEADER_SEARCH_PATHS = "\"$(SRCROOT)/Vendor/xlslib/DHxls\"/**";
				INFOPLIST_FILE = "GiftTracker/GiftTracker-Info.plist";
				LIBRARY_SEARCH_PATHS = (
					"$(inherited)",
					"\"$(SRCROOT)/Vendor/DCRoundSwitch\"",
					"\"$(SRCROOT)/Vendor/TestFlightSDK2.0.0\"",
				);
				PRODUCT_NAME = "$(TARGET_NAME)";
				PROVISIONING_PROFILE = "";
				WRAPPER_EXTENSION = app;
			};
			name = AdHoc;
		};
/* End XCBuildConfiguration section */

/* Begin XCConfigurationList section */
		D24E46D817D6B11000AC886B /* Build configuration list for PBXProject "GiftTracker" */ = {
			isa = XCConfigurationList;
			buildConfigurations = (
				D24E470117D6B11100AC886B /* Debug */,
				D24E470217D6B11100AC886B /* Release */,
				D2CAB77317E4CC1E00D69104 /* AdHoc */,
			);
			defaultConfigurationIsVisible = 0;
			defaultConfigurationName = Release;
		};
		D24E470317D6B11100AC886B /* Build configuration list for PBXNativeTarget "GiftTracker" */ = {
			isa = XCConfigurationList;
			buildConfigurations = (
				D24E470417D6B11100AC886B /* Debug */,
				D24E470517D6B11100AC886B /* Release */,
				D2CAB77417E4CC1E00D69104 /* AdHoc */,
			);
			defaultConfigurationIsVisible = 0;
			defaultConfigurationName = Release;
		};
/* End XCConfigurationList section */

/* Begin XCVersionGroup section */
		D2C22B6F17EA681B009C8556 /* FPPCModel.xcdatamodeld */ = {
			isa = XCVersionGroup;
			children = (
				D2C22B7017EA681B009C8556 /* FPPCModel.xcdatamodel */,
			);
			currentVersion = D2C22B7017EA681B009C8556 /* FPPCModel.xcdatamodel */;
			path = FPPCModel.xcdatamodeld;
			sourceTree = "<group>";
			versionGroupType = wrapper.xcdatamodel;
		};
/* End XCVersionGroup section */
	};
	rootObject = D24E46D517D6B11000AC886B /* Project object */;
}
