// !$*UTF8*$!
{
	archiveVersion = 1;
	classes = {
	};
	objectVersion = 46;
	objects = {

/* Begin PBXBuildFile section */
		D24E46E117D6B11000AC886B /* UIKit.framework in Frameworks */ = {isa = PBXBuildFile; fileRef = D24E46E017D6B11000AC886B /* UIKit.framework */; };
		D24E46E317D6B11000AC886B /* Foundation.framework in Frameworks */ = {isa = PBXBuildFile; fileRef = D24E46E217D6B11000AC886B /* Foundation.framework */; };
		D24E46E517D6B11000AC886B /* CoreGraphics.framework in Frameworks */ = {isa = PBXBuildFile; fileRef = D24E46E417D6B11000AC886B /* CoreGraphics.framework */; };
		D24E46EB17D6B11000AC886B /* InfoPlist.strings in Resources */ = {isa = PBXBuildFile; fileRef = D24E46E917D6B11000AC886B /* InfoPlist.strings */; };
		D24E46ED17D6B11000AC886B /* main.m in Sources */ = {isa = PBXBuildFile; fileRef = D24E46EC17D6B11000AC886B /* main.m */; };
		D24E46F117D6B11000AC886B /* FPPCAppDelegate.m in Sources */ = {isa = PBXBuildFile; fileRef = D24E46F017D6B11000AC886B /* FPPCAppDelegate.m */; };
		D24E46F317D6B11000AC886B /* Default.png in Resources */ = {isa = PBXBuildFile; fileRef = D24E46F217D6B11000AC886B /* Default.png */; };
		D24E46F517D6B11000AC886B /* Default@2x.png in Resources */ = {isa = PBXBuildFile; fileRef = D24E46F417D6B11000AC886B /* Default@2x.png */; };
		D24E46F717D6B11100AC886B /* Default-568h@2x.png in Resources */ = {isa = PBXBuildFile; fileRef = D24E46F617D6B11100AC886B /* Default-568h@2x.png */; };
		D24E46FA17D6B11100AC886B /* MainStoryboard_iPhone.storyboard in Resources */ = {isa = PBXBuildFile; fileRef = D24E46F817D6B11100AC886B /* MainStoryboard_iPhone.storyboard */; };
		D24E46FD17D6B11100AC886B /* MainStoryboard_iPad.storyboard in Resources */ = {isa = PBXBuildFile; fileRef = D24E46FB17D6B11100AC886B /* MainStoryboard_iPad.storyboard */; };
		D24E470017D6B11100AC886B /* FPPCViewController.m in Sources */ = {isa = PBXBuildFile; fileRef = D24E46FF17D6B11100AC886B /* FPPCViewController.m */; };
/* End PBXBuildFile section */

/* Begin PBXFileReference section */
		D24E46DD17D6B11000AC886B /* GiftTracker.app */ = {isa = PBXFileReference; explicitFileType = wrapper.application; includeInIndex = 0; path = GiftTracker.app; sourceTree = BUILT_PRODUCTS_DIR; };
		D24E46E017D6B11000AC886B /* UIKit.framework */ = {isa = PBXFileReference; lastKnownFileType = wrapper.framework; name = UIKit.framework; path = System/Library/Frameworks/UIKit.framework; sourceTree = SDKROOT; };
		D24E46E217D6B11000AC886B /* Foundation.framework */ = {isa = PBXFileReference; lastKnownFileType = wrapper.framework; name = Foundation.framework; path = System/Library/Frameworks/Foundation.framework; sourceTree = SDKROOT; };
		D24E46E417D6B11000AC886B /* CoreGraphics.framework */ = {isa = PBXFileReference; lastKnownFileType = wrapper.framework; name = CoreGraphics.framework; path = System/Library/Frameworks/CoreGraphics.framework; sourceTree = SDKROOT; };
		D24E46E817D6B11000AC886B /* GiftTracker-Info.plist */ = {isa = PBXFileReference; lastKnownFileType = text.plist.xml; path = "GiftTracker-Info.plist"; sourceTree = "<group>"; };
		D24E46EA17D6B11000AC886B /* en */ = {isa = PBXFileReference; lastKnownFileType = text.plist.strings; name = en; path = en.lproj/InfoPlist.strings; sourceTree = "<group>"; };
		D24E46EC17D6B11000AC886B /* main.m */ = {isa = PBXFileReference; lastKnownFileType = sourcecode.c.objc; path = main.m; sourceTree = "<group>"; };
		D24E46EE17D6B11000AC886B /* GiftTracker-Prefix.pch */ = {isa = PBXFileReference; lastKnownFileType = sourcecode.c.h; path = "GiftTracker-Prefix.pch"; sourceTree = "<group>"; };
		D24E46EF17D6B11000AC886B /* FPPCAppDelegate.h */ = {isa = PBXFileReference; lastKnownFileType = sourcecode.c.h; path = FPPCAppDelegate.h; sourceTree = "<group>"; };
		D24E46F017D6B11000AC886B /* FPPCAppDelegate.m */ = {isa = PBXFileReference; lastKnownFileType = sourcecode.c.objc; path = FPPCAppDelegate.m; sourceTree = "<group>"; };
		D24E46F217D6B11000AC886B /* Default.png */ = {isa = PBXFileReference; lastKnownFileType = image.png; path = Default.png; sourceTree = "<group>"; };
		D24E46F417D6B11000AC886B /* Default@2x.png */ = {isa = PBXFileReference; lastKnownFileType = image.png; path = "Default@2x.png"; sourceTree = "<group>"; };
		D24E46F617D6B11100AC886B /* Default-568h@2x.png */ = {isa = PBXFileReference; lastKnownFileType = image.png; path = "Default-568h@2x.png"; sourceTree = "<group>"; };
		D24E46F917D6B11100AC886B /* en */ = {isa = PBXFileReference; lastKnownFileType = file.storyboard; name = en; path = en.lproj/MainStoryboard_iPhone.storyboard; sourceTree = "<group>"; };
		D24E46FC17D6B11100AC886B /* en */ = {isa = PBXFileReference; lastKnownFileType = file.storyboard; name = en; path = en.lproj/MainStoryboard_iPad.storyboard; sourceTree = "<group>"; };
		D24E46FE17D6B11100AC886B /* FPPCViewController.h */ = {isa = PBXFileReference; lastKnownFileType = sourcecode.c.h; path = FPPCViewController.h; sourceTree = "<group>"; };
		D24E46FF17D6B11100AC886B /* FPPCViewController.m */ = {isa = PBXFileReference; lastKnownFileType = sourcecode.c.objc; path = FPPCViewController.m; sourceTree = "<group>"; };
/* End PBXFileReference section */

/* Begin PBXFrameworksBuildPhase section */
		D24E46DA17D6B11000AC886B /* Frameworks */ = {
			isa = PBXFrameworksBuildPhase;
			buildActionMask = 2147483647;
			files = (
				D24E46E117D6B11000AC886B /* UIKit.framework in Frameworks */,
				D24E46E317D6B11000AC886B /* Foundation.framework in Frameworks */,
				D24E46E517D6B11000AC886B /* CoreGraphics.framework in Frameworks */,
			);
			runOnlyForDeploymentPostprocessing = 0;
		};
/* End PBXFrameworksBuildPhase section */

/* Begin PBXGroup section */
		D24E46D417D6B11000AC886B = {
			isa = PBXGroup;
			children = (
				D24E46E617D6B11000AC886B /* GiftTracker */,
				D24E46DF17D6B11000AC886B /* Frameworks */,
				D24E46DE17D6B11000AC886B /* Products */,
			);
			sourceTree = "<group>";
		};
		D24E46DE17D6B11000AC886B /* Products */ = {
			isa = PBXGroup;
			children = (
				D24E46DD17D6B11000AC886B /* GiftTracker.app */,
			);
			name = Products;
			sourceTree = "<group>";
		};
		D24E46DF17D6B11000AC886B /* Frameworks */ = {
			isa = PBXGroup;
			children = (
				D24E46E017D6B11000AC886B /* UIKit.framework */,
				D24E46E217D6B11000AC886B /* Foundation.framework */,
				D24E46E417D6B11000AC886B /* CoreGraphics.framework */,
			);
			name = Frameworks;
			sourceTree = "<group>";
		};
		D24E46E617D6B11000AC886B /* GiftTracker */ = {
			isa = PBXGroup;
			children = (
				D24E46EF17D6B11000AC886B /* FPPCAppDelegate.h */,
				D24E46F017D6B11000AC886B /* FPPCAppDelegate.m */,
				D24E46F817D6B11100AC886B /* MainStoryboard_iPhone.storyboard */,
				D24E46FB17D6B11100AC886B /* MainStoryboard_iPad.storyboard */,
				D24E46FE17D6B11100AC886B /* FPPCViewController.h */,
				D24E46FF17D6B11100AC886B /* FPPCViewController.m */,
				D24E46E717D6B11000AC886B /* Supporting Files */,
			);
			path = GiftTracker;
			sourceTree = "<group>";
		};
		D24E46E717D6B11000AC886B /* Supporting Files */ = {
			isa = PBXGroup;
			children = (
				D24E46E817D6B11000AC886B /* GiftTracker-Info.plist */,
				D24E46E917D6B11000AC886B /* InfoPlist.strings */,
				D24E46EC17D6B11000AC886B /* main.m */,
				D24E46EE17D6B11000AC886B /* GiftTracker-Prefix.pch */,
				D24E46F217D6B11000AC886B /* Default.png */,
				D24E46F417D6B11000AC886B /* Default@2x.png */,
				D24E46F617D6B11100AC886B /* Default-568h@2x.png */,
			);
			name = "Supporting Files";
			sourceTree = "<group>";
		};
/* End PBXGroup section */

/* Begin PBXNativeTarget section */
		D24E46DC17D6B11000AC886B /* GiftTracker */ = {
			isa = PBXNativeTarget;
			buildConfigurationList = D24E470317D6B11100AC886B /* Build configuration list for PBXNativeTarget "GiftTracker" */;
			buildPhases = (
				D24E46D917D6B11000AC886B /* Sources */,
				D24E46DA17D6B11000AC886B /* Frameworks */,
				D24E46DB17D6B11000AC886B /* Resources */,
			);
			buildRules = (
			);
			dependencies = (
			);
			name = GiftTracker;
			productName = GiftTracker;
			productReference = D24E46DD17D6B11000AC886B /* GiftTracker.app */;
			productType = "com.apple.product-type.application";
		};
/* End PBXNativeTarget section */

/* Begin PBXProject section */
		D24E46D517D6B11000AC886B /* Project object */ = {
			isa = PBXProject;
			attributes = {
				CLASSPREFIX = FPPC;
				LastUpgradeCheck = 0460;
				ORGANIZATIONNAME = FPPC;
			};
			buildConfigurationList = D24E46D817D6B11000AC886B /* Build configuration list for PBXProject "GiftTracker" */;
			compatibilityVersion = "Xcode 3.2";
			developmentRegion = English;
			hasScannedForEncodings = 0;
			knownRegions = (
				en,
			);
			mainGroup = D24E46D417D6B11000AC886B;
			productRefGroup = D24E46DE17D6B11000AC886B /* Products */;
			projectDirPath = "";
			projectRoot = "";
			targets = (
				D24E46DC17D6B11000AC886B /* GiftTracker */,
			);
		};
/* End PBXProject section */

/* Begin PBXResourcesBuildPhase section */
		D24E46DB17D6B11000AC886B /* Resources */ = {
			isa = PBXResourcesBuildPhase;
			buildActionMask = 2147483647;
			files = (
				D24E46EB17D6B11000AC886B /* InfoPlist.strings in Resources */,
				D24E46F317D6B11000AC886B /* Default.png in Resources */,
				D24E46F517D6B11000AC886B /* Default@2x.png in Resources */,
				D24E46F717D6B11100AC886B /* Default-568h@2x.png in Resources */,
				D24E46FA17D6B11100AC886B /* MainStoryboard_iPhone.storyboard in Resources */,
				D24E46FD17D6B11100AC886B /* MainStoryboard_iPad.storyboard in Resources */,
			);
			runOnlyForDeploymentPostprocessing = 0;
		};
/* End PBXResourcesBuildPhase section */

/* Begin PBXSourcesBuildPhase section */
		D24E46D917D6B11000AC886B /* Sources */ = {
			isa = PBXSourcesBuildPhase;
			buildActionMask = 2147483647;
			files = (
				D24E46ED17D6B11000AC886B /* main.m in Sources */,
				D24E46F117D6B11000AC886B /* FPPCAppDelegate.m in Sources */,
				D24E470017D6B11100AC886B /* FPPCViewController.m in Sources */,
			);
			runOnlyForDeploymentPostprocessing = 0;
		};
/* End PBXSourcesBuildPhase section */

/* Begin PBXVariantGroup section */
		D24E46E917D6B11000AC886B /* InfoPlist.strings */ = {
			isa = PBXVariantGroup;
			children = (
				D24E46EA17D6B11000AC886B /* en */,
			);
			name = InfoPlist.strings;
			sourceTree = "<group>";
		};
		D24E46F817D6B11100AC886B /* MainStoryboard_iPhone.storyboard */ = {
			isa = PBXVariantGroup;
			children = (
				D24E46F917D6B11100AC886B /* en */,
			);
			name = MainStoryboard_iPhone.storyboard;
			sourceTree = "<group>";
		};
		D24E46FB17D6B11100AC886B /* MainStoryboard_iPad.storyboard */ = {
			isa = PBXVariantGroup;
			children = (
				D24E46FC17D6B11100AC886B /* en */,
			);
			name = MainStoryboard_iPad.storyboard;
			sourceTree = "<group>";
		};
/* End PBXVariantGroup section */

/* Begin XCBuildConfiguration section */
		D24E470117D6B11100AC886B /* Debug */ = {
			isa = XCBuildConfiguration;
			buildSettings = {
				ALWAYS_SEARCH_USER_PATHS = NO;
				CLANG_CXX_LANGUAGE_STANDARD = "gnu++0x";
				CLANG_CXX_LIBRARY = "libc++";
				CLANG_ENABLE_OBJC_ARC = YES;
				CLANG_WARN_CONSTANT_CONVERSION = YES;
				CLANG_WARN_EMPTY_BODY = YES;
				CLANG_WARN_ENUM_CONVERSION = YES;
				CLANG_WARN_INT_CONVERSION = YES;
				CLANG_WARN__DUPLICATE_METHOD_MATCH = YES;
				"CODE_SIGN_IDENTITY[sdk=iphoneos*]" = "iPhone Developer";
				COPY_PHASE_STRIP = NO;
				GCC_C_LANGUAGE_STANDARD = gnu99;
				GCC_DYNAMIC_NO_PIC = NO;
				GCC_OPTIMIZATION_LEVEL = 0;
				GCC_PREPROCESSOR_DEFINITIONS = (
					"DEBUG=1",
					"$(inherited)",
				);
				GCC_SYMBOLS_PRIVATE_EXTERN = NO;
				GCC_WARN_ABOUT_RETURN_TYPE = YES;
				GCC_WARN_UNINITIALIZED_AUTOS = YES;
				GCC_WARN_UNUSED_VARIABLE = YES;
				IPHONEOS_DEPLOYMENT_TARGET = 6.1;
				ONLY_ACTIVE_ARCH = YES;
				SDKROOT = iphoneos;
				TARGETED_DEVICE_FAMILY = "1,2";
			};
			name = Debug;
		};
		D24E470217D6B11100AC886B /* Release */ = {
			isa = XCBuildConfiguration;
			buildSettings = {
				ALWAYS_SEARCH_USER_PATHS = NO;
				CLANG_CXX_LANGUAGE_STANDARD = "gnu++0x";
				CLANG_CXX_LIBRARY = "libc++";
				CLANG_ENABLE_OBJC_ARC = YES;
				CLANG_WARN_CONSTANT_CONVERSION = YES;
				CLANG_WARN_EMPTY_BODY = YES;
				CLANG_WARN_ENUM_CONVERSION = YES;
				CLANG_WARN_INT_CONVERSION = YES;
				CLANG_WARN__DUPLICATE_METHOD_MATCH = YES;
				"CODE_SIGN_IDENTITY[sdk=iphoneos*]" = "iPhone Developer";
				COPY_PHASE_STRIP = YES;
				GCC_C_LANGUAGE_STANDARD = gnu99;
				GCC_WARN_ABOUT_RETURN_TYPE = YES;
				GCC_WARN_UNINITIALIZED_AUTOS = YES;
				GCC_WARN_UNUSED_VARIABLE = YES;
				IPHONEOS_DEPLOYMENT_TARGET = 6.1;
				OTHER_CFLAGS = "-DNS_BLOCK_ASSERTIONS=1";
				SDKROOT = iphoneos;
				TARGETED_DEVICE_FAMILY = "1,2";
				VALIDATE_PRODUCT = YES;
			};
			name = Release;
		};
		D24E470417D6B11100AC886B /* Debug */ = {
			isa = XCBuildConfiguration;
			buildSettings = {
				GCC_PRECOMPILE_PREFIX_HEADER = YES;
				GCC_PREFIX_HEADER = "GiftTracker/GiftTracker-Prefix.pch";
				INFOPLIST_FILE = "GiftTracker/GiftTracker-Info.plist";
				PRODUCT_NAME = "$(TARGET_NAME)";
				WRAPPER_EXTENSION = app;
			};
			name = Debug;
		};
		D24E470517D6B11100AC886B /* Release */ = {
			isa = XCBuildConfiguration;
			buildSettings = {
				GCC_PRECOMPILE_PREFIX_HEADER = YES;
				GCC_PREFIX_HEADER = "GiftTracker/GiftTracker-Prefix.pch";
				INFOPLIST_FILE = "GiftTracker/GiftTracker-Info.plist";
				PRODUCT_NAME = "$(TARGET_NAME)";
				WRAPPER_EXTENSION = app;
			};
			name = Release;
		};
/* End XCBuildConfiguration section */

/* Begin XCConfigurationList section */
		D24E46D817D6B11000AC886B /* Build configuration list for PBXProject "GiftTracker" */ = {
			isa = XCConfigurationList;
			buildConfigurations = (
				D24E470117D6B11100AC886B /* Debug */,
				D24E470217D6B11100AC886B /* Release */,
			);
			defaultConfigurationIsVisible = 0;
			defaultConfigurationName = Release;
		};
		D24E470317D6B11100AC886B /* Build configuration list for PBXNativeTarget "GiftTracker" */ = {
			isa = XCConfigurationList;
			buildConfigurations = (
				D24E470417D6B11100AC886B /* Debug */,
				D24E470517D6B11100AC886B /* Release */,
			);
			defaultConfigurationIsVisible = 0;
		};
/* End XCConfigurationList section */
	};
	rootObject = D24E46D517D6B11000AC886B /* Project object */;
}
